{
  "requires": true,
  "lockfileVersion": 1,
  "dependencies": {
    "bootstrap": {
      "version": "4.0.0",
      "resolved": "https://registry.npmjs.org/bootstrap/-/bootstrap-4.0.0.tgz",
      "integrity": "sha512-gulJE5dGFo6Q61V/whS6VM4WIyrlydXfCgkE+Gxe5hjrJ8rXLLZlALq7zq2RPhOc45PSwQpJkrTnc2KgD6cvmA=="
    },
    "classnames": {
      "version": "2.2.5",
      "resolved": "https://registry.npmjs.org/classnames/-/classnames-2.2.5.tgz",
      "integrity": "sha1-+zgB1FNGdknvNgPH1hoCvRKb3m0="
    },
    "dk_test_names": {
      "version": "1.1.0",
      "resolved": "https://registry.npmjs.org/dk_test_names/-/dk_test_names-1.1.0.tgz",
      "integrity": "sha512-a/tfWbyni+wuFx4ZqucRZfLAofLsQEz25eFeKPHHNi095tiPqwR5Mhw2vF9oofFTpIzCCVCagXwlEl0jqPs/3w=="
    },
    "react-bootstrap-table-next": {
      "version": "1.4.1",
      "resolved": "https://registry.npmjs.org/react-bootstrap-table-next/-/react-bootstrap-table-next-1.4.1.tgz",
      "integrity": "sha512-kgiVVihCgP+E/tYKkWNSGCIF+6e1vhmUg2b/WxV54eTHfy+et3llGBkXq1HnzAjxbiyf6t2DBj/EjcXb/7nVmQ==",
      "requires": {
        "classnames": "2.2.5",
        "underscore": "1.9.1"
      }
    },
    "react-bootstrap-table2-filter": {
      "version": "1.1.0",
      "resolved": "https://registry.npmjs.org/react-bootstrap-table2-filter/-/react-bootstrap-table2-filter-1.1.0.tgz",
      "integrity": "sha512-xrzVtcKKVSoTNXi4Ar2yjwn4U+7o21NWpkkLl/Z1BfyPny7QBBry70Vi2a0ujudVpFXo28d7xGGwn7y0KnzWWg=="
    },
    "react-bootstrap-table2-paginator": {
      "version": "1.0.4",
      "resolved": "https://registry.npmjs.org/react-bootstrap-table2-paginator/-/react-bootstrap-table2-paginator-1.0.4.tgz",
      "integrity": "sha512-zh8wQEEtoT4yBZq/LNNSD2/q5vxWBWYeq3CzVhhRA+ScqGp2hteNrE+BywzeJ4UiRHdzdxGVqFj4wmNEXP67Ww=="
    },
    "underscore": {
      "version": "1.9.1",
      "resolved": "https://registry.npmjs.org/underscore/-/underscore-1.9.1.tgz",
      "integrity": "sha512-5/4etnCkd9c8gwgowi5/om/mYO5ajCaOgdzj/oW+0eQV9WxKBDZw5+ycmKmeaTXjInS/W0BzpGLo2xR2aBwZdg=="
    }
  }
}
